// !$*UTF8*$!
{
	archiveVersion = 1;
	classes = {
	};
	objectVersion = 50;
	objects = {

/* Begin PBXBuildFile section */
		ADC499062481715000F9E58A /* AppDelegate.swift in Sources */ = {isa = PBXBuildFile; fileRef = ADC499052481715000F9E58A /* AppDelegate.swift */; };
		ADC499082481715000F9E58A /* SceneDelegate.swift in Sources */ = {isa = PBXBuildFile; fileRef = ADC499072481715000F9E58A /* SceneDelegate.swift */; };
		ADC4990A2481715000F9E58A /* ContentView.swift in Sources */ = {isa = PBXBuildFile; fileRef = ADC499092481715000F9E58A /* ContentView.swift */; };
		ADC4990C2481715200F9E58A /* Assets.xcassets in Resources */ = {isa = PBXBuildFile; fileRef = ADC4990B2481715200F9E58A /* Assets.xcassets */; };
		ADC4990F2481715200F9E58A /* Preview Assets.xcassets in Resources */ = {isa = PBXBuildFile; fileRef = ADC4990E2481715200F9E58A /* Preview Assets.xcassets */; };
		ADC499122481715200F9E58A /* LaunchScreen.storyboard in Resources */ = {isa = PBXBuildFile; fileRef = ADC499102481715200F9E58A /* LaunchScreen.storyboard */; };
		ADC4991D2481715300F9E58A /* BiotecnologiaEmLibras_AnimationTests.swift in Sources */ = {isa = PBXBuildFile; fileRef = ADC4991C2481715300F9E58A /* BiotecnologiaEmLibras_AnimationTests.swift */; };
		ADC499282481715300F9E58A /* BiotecnologiaEmLibras_AnimationUITests.swift in Sources */ = {isa = PBXBuildFile; fileRef = ADC499272481715300F9E58A /* BiotecnologiaEmLibras_AnimationUITests.swift */; };
		CE34F19D25505BAF0086A241 /* video_fenotipo.mp4 in Resources */ = {isa = PBXBuildFile; fileRef = CE34F19925505BAC0086A241 /* video_fenotipo.mp4 */; };
		CE34F19E25505BAF0086A241 /* video_locus.mp4 in Resources */ = {isa = PBXBuildFile; fileRef = CE34F19A25505BAE0086A241 /* video_locus.mp4 */; };
		CE34F19F25505BAF0086A241 /* video_genotipo.mp4 in Resources */ = {isa = PBXBuildFile; fileRef = CE34F19B25505BAE0086A241 /* video_genotipo.mp4 */; };
		CE34F1A025505BAF0086A241 /* video_cromossomo.mp4 in Resources */ = {isa = PBXBuildFile; fileRef = CE34F19C25505BAF0086A241 /* video_cromossomo.mp4 */; };
/* End PBXBuildFile section */

/* Begin PBXContainerItemProxy section */
		ADC499192481715300F9E58A /* PBXContainerItemProxy */ = {
			isa = PBXContainerItemProxy;
			containerPortal = ADC498FA2481715000F9E58A /* Project object */;
			proxyType = 1;
			remoteGlobalIDString = ADC499012481715000F9E58A;
			remoteInfo = "Hero Animation";
		};
		ADC499242481715300F9E58A /* PBXContainerItemProxy */ = {
			isa = PBXContainerItemProxy;
			containerPortal = ADC498FA2481715000F9E58A /* Project object */;
			proxyType = 1;
			remoteGlobalIDString = ADC499012481715000F9E58A;
			remoteInfo = "Hero Animation";
		};
/* End PBXContainerItemProxy section */

/* Begin PBXFileReference section */
		ADC499022481715000F9E58A /* BiotecnologiaEmLibras.app */ = {isa = PBXFileReference; explicitFileType = wrapper.application; includeInIndex = 0; path = BiotecnologiaEmLibras.app; sourceTree = BUILT_PRODUCTS_DIR; };
		ADC499052481715000F9E58A /* AppDelegate.swift */ = {isa = PBXFileReference; lastKnownFileType = sourcecode.swift; path = AppDelegate.swift; sourceTree = "<group>"; };
		ADC499072481715000F9E58A /* SceneDelegate.swift */ = {isa = PBXFileReference; lastKnownFileType = sourcecode.swift; path = SceneDelegate.swift; sourceTree = "<group>"; };
		ADC499092481715000F9E58A /* ContentView.swift */ = {isa = PBXFileReference; lastKnownFileType = sourcecode.swift; path = ContentView.swift; sourceTree = "<group>"; };
		ADC4990B2481715200F9E58A /* Assets.xcassets */ = {isa = PBXFileReference; lastKnownFileType = folder.assetcatalog; path = Assets.xcassets; sourceTree = "<group>"; };
		ADC4990E2481715200F9E58A /* Preview Assets.xcassets */ = {isa = PBXFileReference; lastKnownFileType = folder.assetcatalog; path = "Preview Assets.xcassets"; sourceTree = "<group>"; };
		ADC499112481715200F9E58A /* Base */ = {isa = PBXFileReference; lastKnownFileType = file.storyboard; name = Base; path = Base.lproj/LaunchScreen.storyboard; sourceTree = "<group>"; };
		ADC499132481715200F9E58A /* Info.plist */ = {isa = PBXFileReference; lastKnownFileType = text.plist.xml; path = Info.plist; sourceTree = "<group>"; };
		ADC499182481715300F9E58A /* BiotecnologiaEmLibrasTests.xctest */ = {isa = PBXFileReference; explicitFileType = wrapper.cfbundle; includeInIndex = 0; path = BiotecnologiaEmLibrasTests.xctest; sourceTree = BUILT_PRODUCTS_DIR; };
		ADC4991C2481715300F9E58A /* BiotecnologiaEmLibras_AnimationTests.swift */ = {isa = PBXFileReference; lastKnownFileType = sourcecode.swift; path = BiotecnologiaEmLibras_AnimationTests.swift; sourceTree = "<group>"; };
		ADC4991E2481715300F9E58A /* Info.plist */ = {isa = PBXFileReference; lastKnownFileType = text.plist.xml; path = Info.plist; sourceTree = "<group>"; };
		ADC499232481715300F9E58A /* BiotecnologiaEmLibrasUITests.xctest */ = {isa = PBXFileReference; explicitFileType = wrapper.cfbundle; includeInIndex = 0; path = BiotecnologiaEmLibrasUITests.xctest; sourceTree = BUILT_PRODUCTS_DIR; };
		ADC499272481715300F9E58A /* BiotecnologiaEmLibras_AnimationUITests.swift */ = {isa = PBXFileReference; lastKnownFileType = sourcecode.swift; path = BiotecnologiaEmLibras_AnimationUITests.swift; sourceTree = "<group>"; };
		ADC499292481715300F9E58A /* Info.plist */ = {isa = PBXFileReference; lastKnownFileType = text.plist.xml; path = Info.plist; sourceTree = "<group>"; };
		CE34F19925505BAC0086A241 /* video_fenotipo.mp4 */ = {isa = PBXFileReference; lastKnownFileType = file; path = video_fenotipo.mp4; sourceTree = "<group>"; };
		CE34F19A25505BAE0086A241 /* video_locus.mp4 */ = {isa = PBXFileReference; lastKnownFileType = file; path = video_locus.mp4; sourceTree = "<group>"; };
		CE34F19B25505BAE0086A241 /* video_genotipo.mp4 */ = {isa = PBXFileReference; lastKnownFileType = file; path = video_genotipo.mp4; sourceTree = "<group>"; };
		CE34F19C25505BAF0086A241 /* video_cromossomo.mp4 */ = {isa = PBXFileReference; lastKnownFileType = file; path = video_cromossomo.mp4; sourceTree = "<group>"; };
/* End PBXFileReference section */

/* Begin PBXFrameworksBuildPhase section */
		ADC498FF2481715000F9E58A /* Frameworks */ = {
			isa = PBXFrameworksBuildPhase;
			buildActionMask = 2147483647;
			files = (
			);
			runOnlyForDeploymentPostprocessing = 0;
		};
		ADC499152481715300F9E58A /* Frameworks */ = {
			isa = PBXFrameworksBuildPhase;
			buildActionMask = 2147483647;
			files = (
			);
			runOnlyForDeploymentPostprocessing = 0;
		};
		ADC499202481715300F9E58A /* Frameworks */ = {
			isa = PBXFrameworksBuildPhase;
			buildActionMask = 2147483647;
			files = (
			);
			runOnlyForDeploymentPostprocessing = 0;
		};
/* End PBXFrameworksBuildPhase section */

/* Begin PBXGroup section */
		ADC498F92481715000F9E58A = {
			isa = PBXGroup;
			children = (
				ADC499042481715000F9E58A /* BiotecnologiaEmLibras Animation */,
				ADC4991B2481715300F9E58A /* BiotecnologiaEmLibras AnimationTests */,
				ADC499262481715300F9E58A /* BiotecnologiaEmLibras AnimationUITests */,
				ADC499032481715000F9E58A /* Products */,
				CE34F19C25505BAF0086A241 /* video_cromossomo.mp4 */,
				CE34F19925505BAC0086A241 /* video_fenotipo.mp4 */,
				CE34F19B25505BAE0086A241 /* video_genotipo.mp4 */,
				CE34F19A25505BAE0086A241 /* video_locus.mp4 */,
			);
			sourceTree = "<group>";
		};
		ADC499032481715000F9E58A /* Products */ = {
			isa = PBXGroup;
			children = (
				ADC499022481715000F9E58A /* BiotecnologiaEmLibras.app */,
				ADC499182481715300F9E58A /* BiotecnologiaEmLibrasTests.xctest */,
				ADC499232481715300F9E58A /* BiotecnologiaEmLibrasUITests.xctest */,
			);
			name = Products;
			sourceTree = "<group>";
		};
		ADC499042481715000F9E58A /* BiotecnologiaEmLibras Animation */ = {
			isa = PBXGroup;
			children = (
				ADC499052481715000F9E58A /* AppDelegate.swift */,
				ADC499072481715000F9E58A /* SceneDelegate.swift */,
				ADC499092481715000F9E58A /* ContentView.swift */,
				ADC4990B2481715200F9E58A /* Assets.xcassets */,
				ADC499102481715200F9E58A /* LaunchScreen.storyboard */,
				ADC499132481715200F9E58A /* Info.plist */,
				ADC4990D2481715200F9E58A /* Preview Content */,
			);
			path = "BiotecnologiaEmLibras Animation";
			sourceTree = "<group>";
		};
		ADC4990D2481715200F9E58A /* Preview Content */ = {
			isa = PBXGroup;
			children = (
				ADC4990E2481715200F9E58A /* Preview Assets.xcassets */,
			);
			path = "Preview Content";
			sourceTree = "<group>";
		};
		ADC4991B2481715300F9E58A /* BiotecnologiaEmLibras AnimationTests */ = {
			isa = PBXGroup;
			children = (
				ADC4991C2481715300F9E58A /* BiotecnologiaEmLibras_AnimationTests.swift */,
				ADC4991E2481715300F9E58A /* Info.plist */,
			);
			path = "BiotecnologiaEmLibras AnimationTests";
			sourceTree = "<group>";
		};
		ADC499262481715300F9E58A /* BiotecnologiaEmLibras AnimationUITests */ = {
			isa = PBXGroup;
			children = (
				ADC499272481715300F9E58A /* BiotecnologiaEmLibras_AnimationUITests.swift */,
				ADC499292481715300F9E58A /* Info.plist */,
			);
			path = "BiotecnologiaEmLibras AnimationUITests";
			sourceTree = "<group>";
		};
/* End PBXGroup section */

/* Begin PBXNativeTarget section */
		ADC499012481715000F9E58A /* BiotecnologiaEmLibras */ = {
			isa = PBXNativeTarget;
			buildConfigurationList = ADC4992C2481715300F9E58A /* Build configuration list for PBXNativeTarget "BiotecnologiaEmLibras" */;
			buildPhases = (
				ADC498FE2481715000F9E58A /* Sources */,
				ADC498FF2481715000F9E58A /* Frameworks */,
				ADC499002481715000F9E58A /* Resources */,
			);
			buildRules = (
			);
			dependencies = (
			);
			name = BiotecnologiaEmLibras;
			productName = "Hero Animation";
			productReference = ADC499022481715000F9E58A /* BiotecnologiaEmLibras.app */;
			productType = "com.apple.product-type.application";
		};
		ADC499172481715300F9E58A /* BiotecnologiaEmLibrasTests */ = {
			isa = PBXNativeTarget;
			buildConfigurationList = ADC4992F2481715300F9E58A /* Build configuration list for PBXNativeTarget "BiotecnologiaEmLibrasTests" */;
			buildPhases = (
				ADC499142481715300F9E58A /* Sources */,
				ADC499152481715300F9E58A /* Frameworks */,
				ADC499162481715300F9E58A /* Resources */,
			);
			buildRules = (
			);
			dependencies = (
				ADC4991A2481715300F9E58A /* PBXTargetDependency */,
			);
			name = BiotecnologiaEmLibrasTests;
			productName = "Hero AnimationTests";
			productReference = ADC499182481715300F9E58A /* BiotecnologiaEmLibrasTests.xctest */;
			productType = "com.apple.product-type.bundle.unit-test";
		};
		ADC499222481715300F9E58A /* BiotecnologiaEmLibrasUITests */ = {
			isa = PBXNativeTarget;
			buildConfigurationList = ADC499322481715300F9E58A /* Build configuration list for PBXNativeTarget "BiotecnologiaEmLibrasUITests" */;
			buildPhases = (
				ADC4991F2481715300F9E58A /* Sources */,
				ADC499202481715300F9E58A /* Frameworks */,
				ADC499212481715300F9E58A /* Resources */,
			);
			buildRules = (
			);
			dependencies = (
				ADC499252481715300F9E58A /* PBXTargetDependency */,
			);
			name = BiotecnologiaEmLibrasUITests;
			productName = "Hero AnimationUITests";
			productReference = ADC499232481715300F9E58A /* BiotecnologiaEmLibrasUITests.xctest */;
			productType = "com.apple.product-type.bundle.ui-testing";
		};
/* End PBXNativeTarget section */

/* Begin PBXProject section */
		ADC498FA2481715000F9E58A /* Project object */ = {
			isa = PBXProject;
			attributes = {
				LastSwiftUpdateCheck = 1140;
				LastUpgradeCheck = 1140;
				ORGANIZATIONNAME = Balaji;
				TargetAttributes = {
					ADC499012481715000F9E58A = {
						CreatedOnToolsVersion = 11.4.1;
					};
					ADC499172481715300F9E58A = {
						CreatedOnToolsVersion = 11.4.1;
						TestTargetID = ADC499012481715000F9E58A;
					};
					ADC499222481715300F9E58A = {
						CreatedOnToolsVersion = 11.4.1;
						TestTargetID = ADC499012481715000F9E58A;
					};
				};
			};
			buildConfigurationList = ADC498FD2481715000F9E58A /* Build configuration list for PBXProject "BiotecnologiaEmLibras" */;
			compatibilityVersion = "Xcode 9.3";
			developmentRegion = en;
			hasScannedForEncodings = 0;
			knownRegions = (
				en,
				Base,
			);
			mainGroup = ADC498F92481715000F9E58A;
			productRefGroup = ADC499032481715000F9E58A /* Products */;
			projectDirPath = "";
			projectRoot = "";
			targets = (
				ADC499012481715000F9E58A /* BiotecnologiaEmLibras */,
				ADC499172481715300F9E58A /* BiotecnologiaEmLibrasTests */,
				ADC499222481715300F9E58A /* BiotecnologiaEmLibrasUITests */,
			);
		};
/* End PBXProject section */

/* Begin PBXResourcesBuildPhase section */
		ADC499002481715000F9E58A /* Resources */ = {
			isa = PBXResourcesBuildPhase;
			buildActionMask = 2147483647;
			files = (
				CE34F19D25505BAF0086A241 /* video_fenotipo.mp4 in Resources */,
				CE34F19E25505BAF0086A241 /* video_locus.mp4 in Resources */,
				CE34F19F25505BAF0086A241 /* video_genotipo.mp4 in Resources */,
				CE34F1A025505BAF0086A241 /* video_cromossomo.mp4 in Resources */,
				ADC499122481715200F9E58A /* LaunchScreen.storyboard in Resources */,
				ADC4990F2481715200F9E58A /* Preview Assets.xcassets in Resources */,
				ADC4990C2481715200F9E58A /* Assets.xcassets in Resources */,
			);
			runOnlyForDeploymentPostprocessing = 0;
		};
		ADC499162481715300F9E58A /* Resources */ = {
			isa = PBXResourcesBuildPhase;
			buildActionMask = 2147483647;
			files = (
			);
			runOnlyForDeploymentPostprocessing = 0;
		};
		ADC499212481715300F9E58A /* Resources */ = {
			isa = PBXResourcesBuildPhase;
			buildActionMask = 2147483647;
			files = (
			);
			runOnlyForDeploymentPostprocessing = 0;
		};
/* End PBXResourcesBuildPhase section */

/* Begin PBXSourcesBuildPhase section */
		ADC498FE2481715000F9E58A /* Sources */ = {
			isa = PBXSourcesBuildPhase;
			buildActionMask = 2147483647;
			files = (
				ADC499062481715000F9E58A /* AppDelegate.swift in Sources */,
				ADC499082481715000F9E58A /* SceneDelegate.swift in Sources */,
				ADC4990A2481715000F9E58A /* ContentView.swift in Sources */,
			);
			runOnlyForDeploymentPostprocessing = 0;
		};
		ADC499142481715300F9E58A /* Sources */ = {
			isa = PBXSourcesBuildPhase;
			buildActionMask = 2147483647;
			files = (
				ADC4991D2481715300F9E58A /* BiotecnologiaEmLibras_AnimationTests.swift in Sources */,
			);
			runOnlyForDeploymentPostprocessing = 0;
		};
		ADC4991F2481715300F9E58A /* Sources */ = {
			isa = PBXSourcesBuildPhase;
			buildActionMask = 2147483647;
			files = (
				ADC499282481715300F9E58A /* BiotecnologiaEmLibras_AnimationUITests.swift in Sources */,
			);
			runOnlyForDeploymentPostprocessing = 0;
		};
/* End PBXSourcesBuildPhase section */

/* Begin PBXTargetDependency section */
		ADC4991A2481715300F9E58A /* PBXTargetDependency */ = {
			isa = PBXTargetDependency;
			target = ADC499012481715000F9E58A /* BiotecnologiaEmLibras */;
			targetProxy = ADC499192481715300F9E58A /* PBXContainerItemProxy */;
		};
		ADC499252481715300F9E58A /* PBXTargetDependency */ = {
			isa = PBXTargetDependency;
			target = ADC499012481715000F9E58A /* BiotecnologiaEmLibras */;
			targetProxy = ADC499242481715300F9E58A /* PBXContainerItemProxy */;
		};
/* End PBXTargetDependency section */

/* Begin PBXVariantGroup section */
		ADC499102481715200F9E58A /* LaunchScreen.storyboard */ = {
			isa = PBXVariantGroup;
			children = (
				ADC499112481715200F9E58A /* Base */,
			);
			name = LaunchScreen.storyboard;
			sourceTree = "<group>";
		};
/* End PBXVariantGroup section */

/* Begin XCBuildConfiguration section */
		ADC4992A2481715300F9E58A /* Debug */ = {
			isa = XCBuildConfiguration;
			buildSettings = {
				ALWAYS_SEARCH_USER_PATHS = NO;
				CLANG_ANALYZER_NONNULL = YES;
				CLANG_ANALYZER_NUMBER_OBJECT_CONVERSION = YES_AGGRESSIVE;
				CLANG_CXX_LANGUAGE_STANDARD = "gnu++14";
				CLANG_CXX_LIBRARY = "libc++";
				CLANG_ENABLE_MODULES = YES;
				CLANG_ENABLE_OBJC_ARC = YES;
				CLANG_ENABLE_OBJC_WEAK = YES;
				CLANG_WARN_BLOCK_CAPTURE_AUTORELEASING = YES;
				CLANG_WARN_BOOL_CONVERSION = YES;
				CLANG_WARN_COMMA = YES;
				CLANG_WARN_CONSTANT_CONVERSION = YES;
				CLANG_WARN_DEPRECATED_OBJC_IMPLEMENTATIONS = YES;
				CLANG_WARN_DIRECT_OBJC_ISA_USAGE = YES_ERROR;
				CLANG_WARN_DOCUMENTATION_COMMENTS = YES;
				CLANG_WARN_EMPTY_BODY = YES;
				CLANG_WARN_ENUM_CONVERSION = YES;
				CLANG_WARN_INFINITE_RECURSION = YES;
				CLANG_WARN_INT_CONVERSION = YES;
				CLANG_WARN_NON_LITERAL_NULL_CONVERSION = YES;
				CLANG_WARN_OBJC_IMPLICIT_RETAIN_SELF = YES;
				CLANG_WARN_OBJC_LITERAL_CONVERSION = YES;
				CLANG_WARN_OBJC_ROOT_CLASS = YES_ERROR;
				CLANG_WARN_RANGE_LOOP_ANALYSIS = YES;
				CLANG_WARN_STRICT_PROTOTYPES = YES;
				CLANG_WARN_SUSPICIOUS_MOVE = YES;
				CLANG_WARN_UNGUARDED_AVAILABILITY = YES_AGGRESSIVE;
				CLANG_WARN_UNREACHABLE_CODE = YES;
				CLANG_WARN__DUPLICATE_METHOD_MATCH = YES;
				COPY_PHASE_STRIP = NO;
				DEBUG_INFORMATION_FORMAT = dwarf;
				ENABLE_STRICT_OBJC_MSGSEND = YES;
				ENABLE_TESTABILITY = YES;
				GCC_C_LANGUAGE_STANDARD = gnu11;
				GCC_DYNAMIC_NO_PIC = NO;
				GCC_NO_COMMON_BLOCKS = YES;
				GCC_OPTIMIZATION_LEVEL = 0;
				GCC_PREPROCESSOR_DEFINITIONS = (
					"DEBUG=1",
					"$(inherited)",
				);
				GCC_WARN_64_TO_32_BIT_CONVERSION = YES;
				GCC_WARN_ABOUT_RETURN_TYPE = YES_ERROR;
				GCC_WARN_UNDECLARED_SELECTOR = YES;
				GCC_WARN_UNINITIALIZED_AUTOS = YES_AGGRESSIVE;
				GCC_WARN_UNUSED_FUNCTION = YES;
				GCC_WARN_UNUSED_VARIABLE = YES;
				IPHONEOS_DEPLOYMENT_TARGET = 14.0;
				MTL_ENABLE_DEBUG_INFO = INCLUDE_SOURCE;
				MTL_FAST_MATH = YES;
				ONLY_ACTIVE_ARCH = YES;
				SDKROOT = iphoneos;
				SWIFT_ACTIVE_COMPILATION_CONDITIONS = DEBUG;
				SWIFT_OPTIMIZATION_LEVEL = "-Onone";
			};
			name = Debug;
		};
		ADC4992B2481715300F9E58A /* Release */ = {
			isa = XCBuildConfiguration;
			buildSettings = {
				ALWAYS_SEARCH_USER_PATHS = NO;
				CLANG_ANALYZER_NONNULL = YES;
				CLANG_ANALYZER_NUMBER_OBJECT_CONVERSION = YES_AGGRESSIVE;
				CLANG_CXX_LANGUAGE_STANDARD = "gnu++14";
				CLANG_CXX_LIBRARY = "libc++";
				CLANG_ENABLE_MODULES = YES;
				CLANG_ENABLE_OBJC_ARC = YES;
				CLANG_ENABLE_OBJC_WEAK = YES;
				CLANG_WARN_BLOCK_CAPTURE_AUTORELEASING = YES;
				CLANG_WARN_BOOL_CONVERSION = YES;
				CLANG_WARN_COMMA = YES;
				CLANG_WARN_CONSTANT_CONVERSION = YES;
				CLANG_WARN_DEPRECATED_OBJC_IMPLEMENTATIONS = YES;
				CLANG_WARN_DIRECT_OBJC_ISA_USAGE = YES_ERROR;
				CLANG_WARN_DOCUMENTATION_COMMENTS = YES;
				CLANG_WARN_EMPTY_BODY = YES;
				CLANG_WARN_ENUM_CONVERSION = YES;
				CLANG_WARN_INFINITE_RECURSION = YES;
				CLANG_WARN_INT_CONVERSION = YES;
				CLANG_WARN_NON_LITERAL_NULL_CONVERSION = YES;
				CLANG_WARN_OBJC_IMPLICIT_RETAIN_SELF = YES;
				CLANG_WARN_OBJC_LITERAL_CONVERSION = YES;
				CLANG_WARN_OBJC_ROOT_CLASS = YES_ERROR;
				CLANG_WARN_RANGE_LOOP_ANALYSIS = YES;
				CLANG_WARN_STRICT_PROTOTYPES = YES;
				CLANG_WARN_SUSPICIOUS_MOVE = YES;
				CLANG_WARN_UNGUARDED_AVAILABILITY = YES_AGGRESSIVE;
				CLANG_WARN_UNREACHABLE_CODE = YES;
				CLANG_WARN__DUPLICATE_METHOD_MATCH = YES;
				COPY_PHASE_STRIP = NO;
				DEBUG_INFORMATION_FORMAT = "dwarf-with-dsym";
				ENABLE_NS_ASSERTIONS = NO;
				ENABLE_STRICT_OBJC_MSGSEND = YES;
				GCC_C_LANGUAGE_STANDARD = gnu11;
				GCC_NO_COMMON_BLOCKS = YES;
				GCC_WARN_64_TO_32_BIT_CONVERSION = YES;
				GCC_WARN_ABOUT_RETURN_TYPE = YES_ERROR;
				GCC_WARN_UNDECLARED_SELECTOR = YES;
				GCC_WARN_UNINITIALIZED_AUTOS = YES_AGGRESSIVE;
				GCC_WARN_UNUSED_FUNCTION = YES;
				GCC_WARN_UNUSED_VARIABLE = YES;
				IPHONEOS_DEPLOYMENT_TARGET = 14.0;
				MTL_ENABLE_DEBUG_INFO = NO;
				MTL_FAST_MATH = YES;
				SDKROOT = iphoneos;
				SWIFT_COMPILATION_MODE = wholemodule;
				SWIFT_OPTIMIZATION_LEVEL = "-O";
				VALIDATE_PRODUCT = YES;
			};
			name = Release;
		};
		ADC4992D2481715300F9E58A /* Debug */ = {
			isa = XCBuildConfiguration;
			buildSettings = {
				ASSETCATALOG_COMPILER_APPICON_NAME = AppIcon;
				CODE_SIGN_STYLE = Automatic;
				DEVELOPMENT_ASSET_PATHS = "\"BiotecnologiaEmLibras Animation/Preview Content\"";
				DEVELOPMENT_TEAM = Y83KGAE37L;
				ENABLE_PREVIEWS = YES;
				INFOPLIST_FILE = "BiotecnologiaEmLibras Animation/Info.plist";
				LD_RUNPATH_SEARCH_PATHS = (
					"$(inherited)",
					"@executable_path/Frameworks",
				);
				PRODUCT_BUNDLE_IDENTIFIER = viniciuslara;
				PRODUCT_NAME = BiotecnologiaEmLibras;
				SWIFT_VERSION = 5.0;
				TARGETED_DEVICE_FAMILY = "1,2";
			};
			name = Debug;
		};
		ADC4992E2481715300F9E58A /* Release */ = {
			isa = XCBuildConfiguration;
			buildSettings = {
				ASSETCATALOG_COMPILER_APPICON_NAME = AppIcon;
				CODE_SIGN_STYLE = Automatic;
				DEVELOPMENT_ASSET_PATHS = "\"BiotecnologiaEmLibras Animation/Preview Content\"";
				DEVELOPMENT_TEAM = Y83KGAE37L;
				ENABLE_PREVIEWS = YES;
				INFOPLIST_FILE = "BiotecnologiaEmLibras Animation/Info.plist";
				LD_RUNPATH_SEARCH_PATHS = (
					"$(inherited)",
					"@executable_path/Frameworks",
				);
				PRODUCT_BUNDLE_IDENTIFIER = viniciuslara;
				PRODUCT_NAME = BiotecnologiaEmLibras;
				SWIFT_VERSION = 5.0;
				TARGETED_DEVICE_FAMILY = "1,2";
			};
			name = Release;
		};
		ADC499302481715300F9E58A /* Debug */ = {
			isa = XCBuildConfiguration;
			buildSettings = {
				ALWAYS_EMBED_SWIFT_STANDARD_LIBRARIES = YES;
				BUNDLE_LOADER = "$(TEST_HOST)";
				CODE_SIGN_STYLE = Automatic;
				INFOPLIST_FILE = "Hero AnimationTests/Info.plist";
				IPHONEOS_DEPLOYMENT_TARGET = 13.4;
				LD_RUNPATH_SEARCH_PATHS = (
					"$(inherited)",
					"@executable_path/Frameworks",
					"@loader_path/Frameworks",
				);
				PRODUCT_BUNDLE_IDENTIFIER = "Kavsoft.Hero-AnimationTests";
				PRODUCT_NAME = "$(TARGET_NAME)";
				SWIFT_VERSION = 5.0;
				TARGETED_DEVICE_FAMILY = "1,2";
				TEST_HOST = "$(BUILT_PRODUCTS_DIR)/BiotecnologiaEmLibras.app/BiotecnologiaEmLibras";
			};
			name = Debug;
		};
		ADC499312481715300F9E58A /* Release */ = {
			isa = XCBuildConfiguration;
			buildSettings = {
				ALWAYS_EMBED_SWIFT_STANDARD_LIBRARIES = YES;
				BUNDLE_LOADER = "$(TEST_HOST)";
				CODE_SIGN_STYLE = Automatic;
				INFOPLIST_FILE = "Hero AnimationTests/Info.plist";
				IPHONEOS_DEPLOYMENT_TARGET = 13.4;
				LD_RUNPATH_SEARCH_PATHS = (
					"$(inherited)",
					"@executable_path/Frameworks",
					"@loader_path/Frameworks",
				);
				PRODUCT_BUNDLE_IDENTIFIER = "Kavsoft.Hero-AnimationTests";
				PRODUCT_NAME = "$(TARGET_NAME)";
				SWIFT_VERSION = 5.0;
				TARGETED_DEVICE_FAMILY = "1,2";
				TEST_HOST = "$(BUILT_PRODUCTS_DIR)/BiotecnologiaEmLibras.app/BiotecnologiaEmLibras";
			};
			name = Release;
		};
		ADC499332481715300F9E58A /* Debug */ = {
			isa = XCBuildConfiguration;
			buildSettings = {
				ALWAYS_EMBED_SWIFT_STANDARD_LIBRARIES = YES;
				CODE_SIGN_STYLE = Automatic;
				INFOPLIST_FILE = "Hero AnimationUITests/Info.plist";
				LD_RUNPATH_SEARCH_PATHS = (
					"$(inherited)",
					"@executable_path/Frameworks",
					"@loader_path/Frameworks",
				);
				PRODUCT_BUNDLE_IDENTIFIER = "Kavsoft.Hero-AnimationUITests";
				PRODUCT_NAME = "$(TARGET_NAME)";
				SWIFT_VERSION = 5.0;
				TARGETED_DEVICE_FAMILY = "1,2";
				TEST_TARGET_NAME = "Hero Animation";
			};
			name = Debug;
		};
		ADC499342481715300F9E58A /* Release */ = {
			isa = XCBuildConfiguration;
			buildSettings = {
				ALWAYS_EMBED_SWIFT_STANDARD_LIBRARIES = YES;
				CODE_SIGN_STYLE = Automatic;
				INFOPLIST_FILE = "Hero AnimationUITests/Info.plist";
				LD_RUNPATH_SEARCH_PATHS = (
					"$(inherited)",
					"@executable_path/Frameworks",
					"@loader_path/Frameworks",
				);
				PRODUCT_BUNDLE_IDENTIFIER = "Kavsoft.Hero-AnimationUITests";
				PRODUCT_NAME = "$(TARGET_NAME)";
				SWIFT_VERSION = 5.0;
				TARGETED_DEVICE_FAMILY = "1,2";
				TEST_TARGET_NAME = "Hero Animation";
			};
			name = Release;
		};
/* End XCBuildConfiguration section */

/* Begin XCConfigurationList section */
		ADC498FD2481715000F9E58A /* Build configuration list for PBXProject "BiotecnologiaEmLibras" */ = {
			isa = XCConfigurationList;
			buildConfigurations = (
				ADC4992A2481715300F9E58A /* Debug */,
				ADC4992B2481715300F9E58A /* Release */,
			);
			defaultConfigurationIsVisible = 0;
			defaultConfigurationName = Release;
		};
		ADC4992C2481715300F9E58A /* Build configuration list for PBXNativeTarget "BiotecnologiaEmLibras" */ = {
			isa = XCConfigurationList;
			buildConfigurations = (
				ADC4992D2481715300F9E58A /* Debug */,
				ADC4992E2481715300F9E58A /* Release */,
			);
			defaultConfigurationIsVisible = 0;
			defaultConfigurationName = Release;
		};
		ADC4992F2481715300F9E58A /* Build configuration list for PBXNativeTarget "BiotecnologiaEmLibrasTests" */ = {
			isa = XCConfigurationList;
			buildConfigurations = (
				ADC499302481715300F9E58A /* Debug */,
				ADC499312481715300F9E58A /* Release */,
			);
			defaultConfigurationIsVisible = 0;
			defaultConfigurationName = Release;
		};
		ADC499322481715300F9E58A /* Build configuration list for PBXNativeTarget "BiotecnologiaEmLibrasUITests" */ = {
			isa = XCConfigurationList;
			buildConfigurations = (
				ADC499332481715300F9E58A /* Debug */,
				ADC499342481715300F9E58A /* Release */,
			);
			defaultConfigurationIsVisible = 0;
			defaultConfigurationName = Release;
		};
/* End XCConfigurationList section */
	};
	rootObject = ADC498FA2481715000F9E58A /* Project object */;
}
